
Microsoft Visual Studio Solution File, Format Version 12.00
# Visual Studio Version 17
VisualStudioVersion = 17.14.36616.10 d17.14
MinimumVisualStudioVersion = 10.0.40219.1
Project("{FAE04EC0-301F-11D3-BF4B-00C04F79EFBC}") = "LibraryManagement", "LibraryManagement.csproj", "{EC4CBE11-5C7B-4557-95FE-FCE9766DDC2D}"
EndProject
Project("{FAE04EC0-301F-11D3-BF4B-00C04F79EFBC}") = "DAL", "..\DAL\DAL.csproj", "{88BC89D1-3CB5-4498-AA7E-B4A823851956}"
EndProject
Project("{FAE04EC0-301F-11D3-BF4B-00C04F79EFBC}") = "BLL", "..\BLL\BLL.csproj", "{2E4374CB-FC99-41AD-AAE0-D58362642FD2}"
EndProject
Global
	GlobalSection(SolutionConfigurationPlatforms) = preSolution
		Debug|Any CPU = Debug|Any CPU
		Release|Any CPU = Release|Any CPU
	EndGlobalSection
	GlobalSection(ProjectConfigurationPlatforms) = postSolution
		{EC4CBE11-5C7B-4557-95FE-FCE9766DDC2D}.Debug|Any CPU.ActiveCfg = Debug|Any CPU
		{EC4CBE11-5C7B-4557-95FE-FCE9766DDC2D}.Debug|Any CPU.Build.0 = Debug|Any CPU
		{EC4CBE11-5C7B-4557-95FE-FCE9766DDC2D}.Release|Any CPU.ActiveCfg = Release|Any CPU
		{EC4CBE11-5C7B-4557-95FE-FCE9766DDC2D}.Release|Any CPU.Build.0 = Release|Any CPU
		{88BC89D1-3CB5-4498-AA7E-B4A823851956}.Debug|Any CPU.ActiveCfg = Debug|Any CPU
		{88BC89D1-3CB5-4498-AA7E-B4A823851956}.Debug|Any CPU.Build.0 = Debug|Any CPU
		{88BC89D1-3CB5-4498-AA7E-B4A823851956}.Release|Any CPU.ActiveCfg = Release|Any CPU
		{88BC89D1-3CB5-4498-AA7E-B4A823851956}.Release|Any CPU.Build.0 = Release|Any CPU
		{2E4374CB-FC99-41AD-AAE0-D58362642FD2}.Debug|Any CPU.ActiveCfg = Debug|Any CPU
		{2E4374CB-FC99-41AD-AAE0-D58362642FD2}.Debug|Any CPU.Build.0 = Debug|Any CPU
		{2E4374CB-FC99-41AD-AAE0-D58362642FD2}.Release|Any CPU.ActiveCfg = Release|Any CPU
		{2E4374CB-FC99-41AD-AAE0-D58362642FD2}.Release|Any CPU.Build.0 = Release|Any CPU
	EndGlobalSection
	GlobalSection(SolutionProperties) = preSolution
		HideSolutionNode = FALSE
	EndGlobalSection
	GlobalSection(ExtensibilityGlobals) = postSolution
		SolutionGuid = {D6992104-5C6A-4EAB-A278-CD10480FD9F0}
	EndGlobalSection
EndGlobal
